
Microsoft Visual Studio Solution File, Format Version 12.00
# Visual Studio Version 16
VisualStudioVersion = 16.0.29306.81
MinimumVisualStudioVersion = 10.0.40219.1
Project("{FAE04EC0-301F-11D3-BF4B-00C04F79EFBC}") = "20191009_TreeView", "20191009_TreeView\20191009_TreeView.csproj", "{2E536B69-BFDC-4BC2-A0B7-A6D8C7DA46F5}"
EndProject
Global
	GlobalSection(SolutionConfigurationPlatforms) = preSolution
		Debug|Any CPU = Debug|Any CPU
		Release|Any CPU = Release|Any CPU
	EndGlobalSection
	GlobalSection(ProjectConfigurationPlatforms) = postSolution
		{2E536B69-BFDC-4BC2-A0B7-A6D8C7DA46F5}.Debug|Any CPU.ActiveCfg = Debug|Any CPU
		{2E536B69-BFDC-4BC2-A0B7-A6D8C7DA46F5}.Debug|Any CPU.Build.0 = Debug|Any CPU
		{2E536B69-BFDC-4BC2-A0B7-A6D8C7DA46F5}.Release|Any CPU.ActiveCfg = Release|Any CPU
		{2E536B69-BFDC-4BC2-A0B7-A6D8C7DA46F5}.Release|Any CPU.Build.0 = Release|Any CPU
	EndGlobalSection
	GlobalSection(SolutionProperties) = preSolution
		HideSolutionNode = FALSE
	EndGlobalSection
	GlobalSection(ExtensibilityGlobals) = postSolution
		SolutionGuid = {277E980B-7DC7-40C3-A2A7-1A4C55A71513}
	EndGlobalSection
EndGlobal
