
Microsoft Visual Studio Solution File, Format Version 12.00
# Visual Studio Version 16
VisualStudioVersion = 16.0.29306.81
MinimumVisualStudioVersion = 10.0.40219.1
Project("{FAE04EC0-301F-11D3-BF4B-00C04F79EFBC}") = "20191013_FolderDialog", "20191013_FolderDialog\20191013_FolderDialog.csproj", "{5B448E70-2EDE-4EFF-B6D3-9E099E3EF4C4}"
EndProject
Global
	GlobalSection(SolutionConfigurationPlatforms) = preSolution
		Debug|Any CPU = Debug|Any CPU
		Release|Any CPU = Release|Any CPU
	EndGlobalSection
	GlobalSection(ProjectConfigurationPlatforms) = postSolution
		{5B448E70-2EDE-4EFF-B6D3-9E099E3EF4C4}.Debug|Any CPU.ActiveCfg = Debug|Any CPU
		{5B448E70-2EDE-4EFF-B6D3-9E099E3EF4C4}.Debug|Any CPU.Build.0 = Debug|Any CPU
		{5B448E70-2EDE-4EFF-B6D3-9E099E3EF4C4}.Release|Any CPU.ActiveCfg = Release|Any CPU
		{5B448E70-2EDE-4EFF-B6D3-9E099E3EF4C4}.Release|Any CPU.Build.0 = Release|Any CPU
	EndGlobalSection
	GlobalSection(SolutionProperties) = preSolution
		HideSolutionNode = FALSE
	EndGlobalSection
	GlobalSection(ExtensibilityGlobals) = postSolution
		SolutionGuid = {8F829839-ADB3-43A3-9414-56A97B3F3B36}
	EndGlobalSection
EndGlobal
