
Microsoft Visual Studio Solution File, Format Version 12.00
# Visual Studio Version 16
VisualStudioVersion = 16.0.29306.81
MinimumVisualStudioVersion = 10.0.40219.1
Project("{FAE04EC0-301F-11D3-BF4B-00C04F79EFBC}") = "20190917_thumb1", "20190917_thumb1\20190917_thumb1.csproj", "{CF243005-5697-4182-A611-B657458D237E}"
EndProject
Global
	GlobalSection(SolutionConfigurationPlatforms) = preSolution
		Debug|Any CPU = Debug|Any CPU
		Release|Any CPU = Release|Any CPU
	EndGlobalSection
	GlobalSection(ProjectConfigurationPlatforms) = postSolution
		{CF243005-5697-4182-A611-B657458D237E}.Debug|Any CPU.ActiveCfg = Debug|Any CPU
		{CF243005-5697-4182-A611-B657458D237E}.Debug|Any CPU.Build.0 = Debug|Any CPU
		{CF243005-5697-4182-A611-B657458D237E}.Release|Any CPU.ActiveCfg = Release|Any CPU
		{CF243005-5697-4182-A611-B657458D237E}.Release|Any CPU.Build.0 = Release|Any CPU
	EndGlobalSection
	GlobalSection(SolutionProperties) = preSolution
		HideSolutionNode = FALSE
	EndGlobalSection
	GlobalSection(ExtensibilityGlobals) = postSolution
		SolutionGuid = {CA2CA73B-29A4-4469-BCC1-A1E71D06306C}
	EndGlobalSection
EndGlobal
