
Microsoft Visual Studio Solution File, Format Version 12.00
# Visual Studio Version 16
VisualStudioVersion = 16.0.29519.181
MinimumVisualStudioVersion = 10.0.40219.1
Project("{FAE04EC0-301F-11D3-BF4B-00C04F79EFBC}") = "20191230_pdf2", "20191230_pdf2\20191230_pdf2.csproj", "{7F49D82E-4A2C-4F4D-8E2E-1401F749C9A6}"
EndProject
Global
	GlobalSection(SolutionConfigurationPlatforms) = preSolution
		Debug|Any CPU = Debug|Any CPU
		Debug|x64 = Debug|x64
		Release|Any CPU = Release|Any CPU
		Release|x64 = Release|x64
	EndGlobalSection
	GlobalSection(ProjectConfigurationPlatforms) = postSolution
		{7F49D82E-4A2C-4F4D-8E2E-1401F749C9A6}.Debug|Any CPU.ActiveCfg = Debug|Any CPU
		{7F49D82E-4A2C-4F4D-8E2E-1401F749C9A6}.Debug|Any CPU.Build.0 = Debug|Any CPU
		{7F49D82E-4A2C-4F4D-8E2E-1401F749C9A6}.Debug|x64.ActiveCfg = Debug|x64
		{7F49D82E-4A2C-4F4D-8E2E-1401F749C9A6}.Debug|x64.Build.0 = Debug|x64
		{7F49D82E-4A2C-4F4D-8E2E-1401F749C9A6}.Release|Any CPU.ActiveCfg = Release|Any CPU
		{7F49D82E-4A2C-4F4D-8E2E-1401F749C9A6}.Release|Any CPU.Build.0 = Release|Any CPU
		{7F49D82E-4A2C-4F4D-8E2E-1401F749C9A6}.Release|x64.ActiveCfg = Release|x64
		{7F49D82E-4A2C-4F4D-8E2E-1401F749C9A6}.Release|x64.Build.0 = Release|x64
	EndGlobalSection
	GlobalSection(SolutionProperties) = preSolution
		HideSolutionNode = FALSE
	EndGlobalSection
	GlobalSection(ExtensibilityGlobals) = postSolution
		SolutionGuid = {67256A30-581C-48DE-954C-9AB28E1699EA}
	EndGlobalSection
EndGlobal
