
Microsoft Visual Studio Solution File, Format Version 12.00
# Visual Studio Version 16
VisualStudioVersion = 16.0.29306.81
MinimumVisualStudioVersion = 10.0.40219.1
Project("{FAE04EC0-301F-11D3-BF4B-00C04F79EFBC}") = "20190920_sizeChange", "20190920_sizeChange\20190920_sizeChange.csproj", "{7636B6EA-0EB0-4A6A-B773-EE715C569376}"
EndProject
Global
	GlobalSection(SolutionConfigurationPlatforms) = preSolution
		Debug|Any CPU = Debug|Any CPU
		Release|Any CPU = Release|Any CPU
	EndGlobalSection
	GlobalSection(ProjectConfigurationPlatforms) = postSolution
		{7636B6EA-0EB0-4A6A-B773-EE715C569376}.Debug|Any CPU.ActiveCfg = Debug|Any CPU
		{7636B6EA-0EB0-4A6A-B773-EE715C569376}.Debug|Any CPU.Build.0 = Debug|Any CPU
		{7636B6EA-0EB0-4A6A-B773-EE715C569376}.Release|Any CPU.ActiveCfg = Release|Any CPU
		{7636B6EA-0EB0-4A6A-B773-EE715C569376}.Release|Any CPU.Build.0 = Release|Any CPU
	EndGlobalSection
	GlobalSection(SolutionProperties) = preSolution
		HideSolutionNode = FALSE
	EndGlobalSection
	GlobalSection(ExtensibilityGlobals) = postSolution
		SolutionGuid = {28160B21-8370-4905-A5F2-1FC449DFF9CB}
	EndGlobalSection
EndGlobal
