
Microsoft Visual Studio Solution File, Format Version 12.00
# Visual Studio Version 16
VisualStudioVersion = 16.0.29306.81
MinimumVisualStudioVersion = 10.0.40219.1
Project("{FAE04EC0-301F-11D3-BF4B-00C04F79EFBC}") = "20190922_クリップボード監視", "20190922_クリップボード監視\20190922_クリップボード監視.csproj", "{0FEEE5AB-F424-4945-816B-BC4300780AFB}"
EndProject
Global
	GlobalSection(SolutionConfigurationPlatforms) = preSolution
		Debug|Any CPU = Debug|Any CPU
		Release|Any CPU = Release|Any CPU
	EndGlobalSection
	GlobalSection(ProjectConfigurationPlatforms) = postSolution
		{0FEEE5AB-F424-4945-816B-BC4300780AFB}.Debug|Any CPU.ActiveCfg = Debug|Any CPU
		{0FEEE5AB-F424-4945-816B-BC4300780AFB}.Debug|Any CPU.Build.0 = Debug|Any CPU
		{0FEEE5AB-F424-4945-816B-BC4300780AFB}.Release|Any CPU.ActiveCfg = Release|Any CPU
		{0FEEE5AB-F424-4945-816B-BC4300780AFB}.Release|Any CPU.Build.0 = Release|Any CPU
	EndGlobalSection
	GlobalSection(SolutionProperties) = preSolution
		HideSolutionNode = FALSE
	EndGlobalSection
	GlobalSection(ExtensibilityGlobals) = postSolution
		SolutionGuid = {18B84AAC-1D62-45E0-BEBF-A067DE8E55AB}
	EndGlobalSection
EndGlobal
