
Microsoft Visual Studio Solution File, Format Version 12.00
# Visual Studio Version 16
VisualStudioVersion = 16.0.29306.81
MinimumVisualStudioVersion = 10.0.40219.1
Project("{FAE04EC0-301F-11D3-BF4B-00C04F79EFBC}") = "20191010_TreeView3", "20191010_TreeView3\20191010_TreeView3.csproj", "{9CD6D4D3-0186-4325-9E87-AF0BBC0FB5EF}"
EndProject
Global
	GlobalSection(SolutionConfigurationPlatforms) = preSolution
		Debug|Any CPU = Debug|Any CPU
		Release|Any CPU = Release|Any CPU
	EndGlobalSection
	GlobalSection(ProjectConfigurationPlatforms) = postSolution
		{9CD6D4D3-0186-4325-9E87-AF0BBC0FB5EF}.Debug|Any CPU.ActiveCfg = Debug|Any CPU
		{9CD6D4D3-0186-4325-9E87-AF0BBC0FB5EF}.Debug|Any CPU.Build.0 = Debug|Any CPU
		{9CD6D4D3-0186-4325-9E87-AF0BBC0FB5EF}.Release|Any CPU.ActiveCfg = Release|Any CPU
		{9CD6D4D3-0186-4325-9E87-AF0BBC0FB5EF}.Release|Any CPU.Build.0 = Release|Any CPU
	EndGlobalSection
	GlobalSection(SolutionProperties) = preSolution
		HideSolutionNode = FALSE
	EndGlobalSection
	GlobalSection(ExtensibilityGlobals) = postSolution
		SolutionGuid = {C9782CB3-FDD3-4357-9332-2CADEC73822F}
	EndGlobalSection
EndGlobal
