
Microsoft Visual Studio Solution File, Format Version 12.00
# Visual Studio Version 16
VisualStudioVersion = 16.0.29519.181
MinimumVisualStudioVersion = 10.0.40219.1
Project("{FAE04EC0-301F-11D3-BF4B-00C04F79EFBC}") = "20200102_PDFファイルをロックしないで開く", "20200102_PDFファイルをロックしないで開く\20200102_PDFファイルをロックしないで開く.csproj", "{9519DC58-CC6B-4277-896B-A11854BCD1B1}"
EndProject
Global
	GlobalSection(SolutionConfigurationPlatforms) = preSolution
		Debug|Any CPU = Debug|Any CPU
		Release|Any CPU = Release|Any CPU
	EndGlobalSection
	GlobalSection(ProjectConfigurationPlatforms) = postSolution
		{9519DC58-CC6B-4277-896B-A11854BCD1B1}.Debug|Any CPU.ActiveCfg = Debug|Any CPU
		{9519DC58-CC6B-4277-896B-A11854BCD1B1}.Debug|Any CPU.Build.0 = Debug|Any CPU
		{9519DC58-CC6B-4277-896B-A11854BCD1B1}.Release|Any CPU.ActiveCfg = Release|Any CPU
		{9519DC58-CC6B-4277-896B-A11854BCD1B1}.Release|Any CPU.Build.0 = Release|Any CPU
	EndGlobalSection
	GlobalSection(SolutionProperties) = preSolution
		HideSolutionNode = FALSE
	EndGlobalSection
	GlobalSection(ExtensibilityGlobals) = postSolution
		SolutionGuid = {BB2FC281-E1E0-4BE2-885B-C9DF033C0086}
	EndGlobalSection
EndGlobal
