
Microsoft Visual Studio Solution File, Format Version 12.00
# Visual Studio Version 16
VisualStudioVersion = 16.0.29306.81
MinimumVisualStudioVersion = 10.0.40219.1
Project("{FAE04EC0-301F-11D3-BF4B-00C04F79EFBC}") = "20190918_thumb3", "20190918_thumb3\20190918_thumb3.csproj", "{B79A5128-00F8-49E1-9B20-C831F22F934E}"
EndProject
Global
	GlobalSection(SolutionConfigurationPlatforms) = preSolution
		Debug|Any CPU = Debug|Any CPU
		Release|Any CPU = Release|Any CPU
	EndGlobalSection
	GlobalSection(ProjectConfigurationPlatforms) = postSolution
		{B79A5128-00F8-49E1-9B20-C831F22F934E}.Debug|Any CPU.ActiveCfg = Debug|Any CPU
		{B79A5128-00F8-49E1-9B20-C831F22F934E}.Debug|Any CPU.Build.0 = Debug|Any CPU
		{B79A5128-00F8-49E1-9B20-C831F22F934E}.Release|Any CPU.ActiveCfg = Release|Any CPU
		{B79A5128-00F8-49E1-9B20-C831F22F934E}.Release|Any CPU.Build.0 = Release|Any CPU
	EndGlobalSection
	GlobalSection(SolutionProperties) = preSolution
		HideSolutionNode = FALSE
	EndGlobalSection
	GlobalSection(ExtensibilityGlobals) = postSolution
		SolutionGuid = {DCD92CB8-4F63-48E2-AE0A-B24E56DA874A}
	EndGlobalSection
EndGlobal
