
Microsoft Visual Studio Solution File, Format Version 12.00
# Visual Studio Version 16
VisualStudioVersion = 16.0.29306.81
MinimumVisualStudioVersion = 10.0.40219.1
Project("{FAE04EC0-301F-11D3-BF4B-00C04F79EFBC}") = "20190919_thumb6", "20190919_thumb6\20190919_thumb6.csproj", "{4250A893-7E48-48E1-AF92-C4C701B5F6FA}"
EndProject
Global
	GlobalSection(SolutionConfigurationPlatforms) = preSolution
		Debug|Any CPU = Debug|Any CPU
		Release|Any CPU = Release|Any CPU
	EndGlobalSection
	GlobalSection(ProjectConfigurationPlatforms) = postSolution
		{4250A893-7E48-48E1-AF92-C4C701B5F6FA}.Debug|Any CPU.ActiveCfg = Debug|Any CPU
		{4250A893-7E48-48E1-AF92-C4C701B5F6FA}.Debug|Any CPU.Build.0 = Debug|Any CPU
		{4250A893-7E48-48E1-AF92-C4C701B5F6FA}.Release|Any CPU.ActiveCfg = Release|Any CPU
		{4250A893-7E48-48E1-AF92-C4C701B5F6FA}.Release|Any CPU.Build.0 = Release|Any CPU
	EndGlobalSection
	GlobalSection(SolutionProperties) = preSolution
		HideSolutionNode = FALSE
	EndGlobalSection
	GlobalSection(ExtensibilityGlobals) = postSolution
		SolutionGuid = {64BAA1B1-B572-4984-8C94-35AED068FCA0}
	EndGlobalSection
EndGlobal
