
Microsoft Visual Studio Solution File, Format Version 12.00
# Visual Studio Version 16
VisualStudioVersion = 16.0.29306.81
MinimumVisualStudioVersion = 10.0.40219.1
Project("{FAE04EC0-301F-11D3-BF4B-00C04F79EFBC}") = "20190930_シリアライズ設定保存3", "20190930_シリアライズ設定保存3\20190930_シリアライズ設定保存3.csproj", "{0785189A-9154-4020-BF77-022AEF23D000}"
EndProject
Global
	GlobalSection(SolutionConfigurationPlatforms) = preSolution
		Debug|Any CPU = Debug|Any CPU
		Release|Any CPU = Release|Any CPU
	EndGlobalSection
	GlobalSection(ProjectConfigurationPlatforms) = postSolution
		{0785189A-9154-4020-BF77-022AEF23D000}.Debug|Any CPU.ActiveCfg = Debug|Any CPU
		{0785189A-9154-4020-BF77-022AEF23D000}.Debug|Any CPU.Build.0 = Debug|Any CPU
		{0785189A-9154-4020-BF77-022AEF23D000}.Release|Any CPU.ActiveCfg = Release|Any CPU
		{0785189A-9154-4020-BF77-022AEF23D000}.Release|Any CPU.Build.0 = Release|Any CPU
	EndGlobalSection
	GlobalSection(SolutionProperties) = preSolution
		HideSolutionNode = FALSE
	EndGlobalSection
	GlobalSection(ExtensibilityGlobals) = postSolution
		SolutionGuid = {504F7380-1A51-4200-9FE6-A86085DDFD3B}
	EndGlobalSection
EndGlobal
