
Microsoft Visual Studio Solution File, Format Version 12.00
# Visual Studio Version 16
VisualStudioVersion = 16.0.29519.181
MinimumVisualStudioVersion = 10.0.40219.1
Project("{FAE04EC0-301F-11D3-BF4B-00C04F79EFBC}") = "20200102_atmarkitより、PDF表示", "20200102_atmarkitより、PDF表示\20200102_atmarkitより、PDF表示.csproj", "{9517A48F-9001-4A5A-BE16-5F89FD91619B}"
EndProject
Global
	GlobalSection(SolutionConfigurationPlatforms) = preSolution
		Debug|Any CPU = Debug|Any CPU
		Release|Any CPU = Release|Any CPU
	EndGlobalSection
	GlobalSection(ProjectConfigurationPlatforms) = postSolution
		{9517A48F-9001-4A5A-BE16-5F89FD91619B}.Debug|Any CPU.ActiveCfg = Debug|Any CPU
		{9517A48F-9001-4A5A-BE16-5F89FD91619B}.Debug|Any CPU.Build.0 = Debug|Any CPU
		{9517A48F-9001-4A5A-BE16-5F89FD91619B}.Release|Any CPU.ActiveCfg = Release|Any CPU
		{9517A48F-9001-4A5A-BE16-5F89FD91619B}.Release|Any CPU.Build.0 = Release|Any CPU
	EndGlobalSection
	GlobalSection(SolutionProperties) = preSolution
		HideSolutionNode = FALSE
	EndGlobalSection
	GlobalSection(ExtensibilityGlobals) = postSolution
		SolutionGuid = {F1ADB567-BF52-418C-AC50-409AAA3AC03A}
	EndGlobalSection
EndGlobal
